
Microsoft Visual Studio Solution File, Format Version 12.00
# Visual Studio Version 17
VisualStudioVersion = 17.14.37314.3
MinimumVisualStudioVersion = 10.0.40219.1
Project("{FAE04EC0-301F-11D3-BF4B-00C04F79EFBC}") = "ImageGridSizeCalculator", "ImageGridSizeCalculator\ImageGridSizeCalculator.csproj", "{F37DC28A-B799-4AFD-9D73-163C81373D76}"
EndProject
Global
	GlobalSection(SolutionConfigurationPlatforms) = preSolution
		Debug|Any CPU = Debug|Any CPU
		Release|Any CPU = Release|Any CPU
	EndGlobalSection
	GlobalSection(ProjectConfigurationPlatforms) = postSolution
		{F37DC28A-B799-4AFD-9D73-163C81373D76}.Debug|Any CPU.ActiveCfg = Debug|Any CPU
		{F37DC28A-B799-4AFD-9D73-163C81373D76}.Debug|Any CPU.Build.0 = Debug|Any CPU
		{F37DC28A-B799-4AFD-9D73-163C81373D76}.Release|Any CPU.ActiveCfg = Release|Any CPU
		{F37DC28A-B799-4AFD-9D73-163C81373D76}.Release|Any CPU.Build.0 = Release|Any CPU
	EndGlobalSection
	GlobalSection(SolutionProperties) = preSolution
		HideSolutionNode = FALSE
	EndGlobalSection
	GlobalSection(ExtensibilityGlobals) = postSolution
		SolutionGuid = {7ADC468B-38A1-4F7C-AF2E-6B1B754E960D}
	EndGlobalSection
EndGlobal
